
Microsoft Visual Studio Solution File, Format Version 12.00
# Visual Studio Version 17
VisualStudioVersion = 17.3.32819.101
MinimumVisualStudioVersion = 10.0.40219.1
Project("{FAE04EC0-301F-11D3-BF4B-00C04F79EFBC}") = "Responsi", "Responsi\Responsi.csproj", "{DB0CBC5E-963B-4170-A3C6-E92838E78C91}"
EndProject
Global
	GlobalSection(SolutionConfigurationPlatforms) = preSolution
		Debug|Any CPU = Debug|Any CPU
		Release|Any CPU = Release|Any CPU
	EndGlobalSection
	GlobalSection(ProjectConfigurationPlatforms) = postSolution
		{DB0CBC5E-963B-4170-A3C6-E92838E78C91}.Debug|Any CPU.ActiveCfg = Debug|Any CPU
		{DB0CBC5E-963B-4170-A3C6-E92838E78C91}.Debug|Any CPU.Build.0 = Debug|Any CPU
		{DB0CBC5E-963B-4170-A3C6-E92838E78C91}.Release|Any CPU.ActiveCfg = Release|Any CPU
		{DB0CBC5E-963B-4170-A3C6-E92838E78C91}.Release|Any CPU.Build.0 = Release|Any CPU
	EndGlobalSection
	GlobalSection(SolutionProperties) = preSolution
		HideSolutionNode = FALSE
	EndGlobalSection
	GlobalSection(ExtensibilityGlobals) = postSolution
		SolutionGuid = {D0C11B5F-EEC6-4D40-B75D-60F5FB84B05A}
	EndGlobalSection
EndGlobal
